// !$*UTF8*$!
{
	archiveVersion = 1;
	classes = {
	};
	objectVersion = 56;
	objects = {

/* Begin PBXBuildFile section */
		672CB5142AD3EDBD005048D5 /* FixturesView.swift in Sources */ = {isa = PBXBuildFile; fileRef = 672CB5132AD3EDBD005048D5 /* FixturesView.swift */; };
		672CB5162AD3EDD0005048D5 /* FixturesAPIClient.swift in Sources */ = {isa = PBXBuildFile; fileRef = 672CB5152AD3EDD0005048D5 /* FixturesAPIClient.swift */; };
		672CB5182AD3EF71005048D5 /* Fixture.swift in Sources */ = {isa = PBXBuildFile; fileRef = 672CB5172AD3EF71005048D5 /* Fixture.swift */; };
		672CB51C2AD5D3B6005048D5 /* StandingCellView.swift in Sources */ = {isa = PBXBuildFile; fileRef = 672CB51B2AD5D3B6005048D5 /* StandingCellView.swift */; };
		67936B952B7E6DCD0004E4B9 /* StandingReducer.swift in Sources */ = {isa = PBXBuildFile; fileRef = 67936B942B7E6DCD0004E4B9 /* StandingReducer.swift */; };
		67936B972B8110780004E4B9 /* FixturesReducer.swift in Sources */ = {isa = PBXBuildFile; fileRef = 67936B962B8110780004E4B9 /* FixturesReducer.swift */; };
		67936B9A2B814FEF0004E4B9 /* String+Extension.swift in Sources */ = {isa = PBXBuildFile; fileRef = 67936B992B814FEF0004E4B9 /* String+Extension.swift */; };
		679A8C7D2AC99A33000C090C /* FootballDataManagerApp.swift in Sources */ = {isa = PBXBuildFile; fileRef = 679A8C7C2AC99A33000C090C /* FootballDataManagerApp.swift */; };
		679A8C812AC99A35000C090C /* Assets.xcassets in Resources */ = {isa = PBXBuildFile; fileRef = 679A8C802AC99A35000C090C /* Assets.xcassets */; };
		679A8C842AC99A35000C090C /* Preview Assets.xcassets in Resources */ = {isa = PBXBuildFile; fileRef = 679A8C832AC99A35000C090C /* Preview Assets.xcassets */; };
		679A8C8E2AC99A35000C090C /* FootballDataManagerTests.swift in Sources */ = {isa = PBXBuildFile; fileRef = 679A8C8D2AC99A35000C090C /* FootballDataManagerTests.swift */; };
		679A8C982AC99A35000C090C /* FootballDataManagerUITests.swift in Sources */ = {isa = PBXBuildFile; fileRef = 679A8C972AC99A35000C090C /* FootballDataManagerUITests.swift */; };
		679A8C9A2AC99A35000C090C /* FootballDataManagerUITestsLaunchTests.swift in Sources */ = {isa = PBXBuildFile; fileRef = 679A8C992AC99A35000C090C /* FootballDataManagerUITestsLaunchTests.swift */; };
		679A8CA82AC99F14000C090C /* HomeView.swift in Sources */ = {isa = PBXBuildFile; fileRef = 679A8CA72AC99F14000C090C /* HomeView.swift */; };
		679A8CAB2AC9A470000C090C /* League.swift in Sources */ = {isa = PBXBuildFile; fileRef = 679A8CAA2AC9A470000C090C /* League.swift */; };
		679A8CAE2AC9A97A000C090C /* StandingsItem.swift in Sources */ = {isa = PBXBuildFile; fileRef = 679A8CAD2AC9A97A000C090C /* StandingsItem.swift */; };
		679A8CB02AC9B917000C090C /* Team.swift in Sources */ = {isa = PBXBuildFile; fileRef = 679A8CAF2AC9B917000C090C /* Team.swift */; };
		679A8CB42AC9BEA9000C090C /* StandingAPIClient.swift in Sources */ = {isa = PBXBuildFile; fileRef = 679A8CB32AC9BEA9000C090C /* StandingAPIClient.swift */; };
		679A8CB62AC9BEDC000C090C /* APIError.swift in Sources */ = {isa = PBXBuildFile; fileRef = 679A8CB52AC9BEDC000C090C /* APIError.swift */; };
		679A8CBA2AC9D832000C090C /* StandingView.swift in Sources */ = {isa = PBXBuildFile; fileRef = 679A8CB92AC9D832000C090C /* StandingView.swift */; };
		679A8CBD2ACB3C40000C090C /* Color.xcassets in Resources */ = {isa = PBXBuildFile; fileRef = 679A8CBC2ACB3C40000C090C /* Color.xcassets */; };
		679A8CC02ACB3C63000C090C /* SSportsD-Medium.ttf in Resources */ = {isa = PBXBuildFile; fileRef = 679A8CBF2ACB3C63000C090C /* SSportsD-Medium.ttf */; };
		679A8CC32ACF4ED8000C090C /* SelectLeagueView.swift in Sources */ = {isa = PBXBuildFile; fileRef = 679A8CC22ACF4ED8000C090C /* SelectLeagueView.swift */; };
		679A8CC92AD3C3E0000C090C /* football_api_standings_2023_39.json in Resources */ = {isa = PBXBuildFile; fileRef = 679A8CC82AD3C3E0000C090C /* football_api_standings_2023_39.json */; };
		679A8CCD2AD3C7C2000C090C /* foorball_api_fixtures_2023_39.json in Resources */ = {isa = PBXBuildFile; fileRef = 679A8CCC2AD3C7C2000C090C /* foorball_api_fixtures_2023_39.json */; };
		67BD95512B815C2E002EBD0B /* LeagueType.swift in Sources */ = {isa = PBXBuildFile; fileRef = 67BD95502B815C2E002EBD0B /* LeagueType.swift */; };
		67BD95572B8217E9002EBD0B /* foorball_api_fixtures_2023_135.json in Resources */ = {isa = PBXBuildFile; fileRef = 67BD95562B8217E9002EBD0B /* foorball_api_fixtures_2023_135.json */; };
		67BD95592B8217EE002EBD0B /* football_api_standings_2023_135.json in Resources */ = {isa = PBXBuildFile; fileRef = 67BD95582B8217EE002EBD0B /* football_api_standings_2023_135.json */; };
		67BD955B2B8217F5002EBD0B /* foorball_api_fixtures_2023_140.json in Resources */ = {isa = PBXBuildFile; fileRef = 67BD955A2B8217F5002EBD0B /* foorball_api_fixtures_2023_140.json */; };
		67BD955D2B8217FB002EBD0B /* football_api_standings_2023_140.json in Resources */ = {isa = PBXBuildFile; fileRef = 67BD955C2B8217FB002EBD0B /* football_api_standings_2023_140.json */; };
		67BD955F2B822C1E002EBD0B /* HomeReducer.swift in Sources */ = {isa = PBXBuildFile; fileRef = 67BD955E2B822C1E002EBD0B /* HomeReducer.swift */; };
		67BD95612B8236EF002EBD0B /* SelectLeagueReducer.swift in Sources */ = {isa = PBXBuildFile; fileRef = 67BD95602B8236EF002EBD0B /* SelectLeagueReducer.swift */; };
		67CCCAF72B83E83100A03301 /* Kingfisher in Frameworks */ = {isa = PBXBuildFile; productRef = 67CCCAF62B83E83100A03301 /* Kingfisher */; };
		67D36B052B84DEE600AE813C /* football_api_standings_2024_98.json in Resources */ = {isa = PBXBuildFile; fileRef = 67D36B032B84DEE600AE813C /* football_api_standings_2024_98.json */; };
		67D36B062B84DEE600AE813C /* foorball_api_fixtures_2024_98.json in Resources */ = {isa = PBXBuildFile; fileRef = 67D36B042B84DEE600AE813C /* foorball_api_fixtures_2024_98.json */; };
		67D36B092B8628CD00AE813C /* PlayerStatsView.swift in Sources */ = {isa = PBXBuildFile; fileRef = 67D36B082B8628CD00AE813C /* PlayerStatsView.swift */; };
		67D36B0B2B862E8000AE813C /* StatsAPIClient.swift in Sources */ = {isa = PBXBuildFile; fileRef = 67D36B0A2B862E8000AE813C /* StatsAPIClient.swift */; };
		67D36B0D2B862EB100AE813C /* Player.swift in Sources */ = {isa = PBXBuildFile; fileRef = 67D36B0C2B862EB100AE813C /* Player.swift */; };
		67D36B0F2B88BAF600AE813C /* foorball_api_topscorer_2023_39.json in Resources */ = {isa = PBXBuildFile; fileRef = 67D36B0E2B88BAF600AE813C /* foorball_api_topscorer_2023_39.json */; };
		67D36B112B88BB1F00AE813C /* foorball_api_topscorer_2024_98.json in Resources */ = {isa = PBXBuildFile; fileRef = 67D36B102B88BB1F00AE813C /* foorball_api_topscorer_2024_98.json */; };
		67D36B152B88BB2F00AE813C /* foorball_api_topscorer_2023_135.json in Resources */ = {isa = PBXBuildFile; fileRef = 67D36B142B88BB2F00AE813C /* foorball_api_topscorer_2023_135.json */; };
		67D36B172B88C28A00AE813C /* PlayerStatsReducer.swift in Sources */ = {isa = PBXBuildFile; fileRef = 67D36B162B88C28A00AE813C /* PlayerStatsReducer.swift */; };
		67D36B192B88CC4F00AE813C /* PlayerStatsListCell.swift in Sources */ = {isa = PBXBuildFile; fileRef = 67D36B182B88CC4F00AE813C /* PlayerStatsListCell.swift */; };
		67D36B1C2B88D56100AE813C /* StatsContainerView.swift in Sources */ = {isa = PBXBuildFile; fileRef = 67D36B1B2B88D56100AE813C /* StatsContainerView.swift */; };
		67D36B1E2B88DE8D00AE813C /* StatsContainerReducer.swift in Sources */ = {isa = PBXBuildFile; fileRef = 67D36B1D2B88DE8D00AE813C /* StatsContainerReducer.swift */; };
		67D36B232B88E8A700AE813C /* foorball_api_topassists_2023_140.json in Resources */ = {isa = PBXBuildFile; fileRef = 67D36B1F2B88E8A700AE813C /* foorball_api_topassists_2023_140.json */; };
		67D36B242B88E8A700AE813C /* foorball_api_topassists_2023_135.json in Resources */ = {isa = PBXBuildFile; fileRef = 67D36B202B88E8A700AE813C /* foorball_api_topassists_2023_135.json */; };
		67D36B252B88E8A700AE813C /* foorball_api_topassists_2023_39.json in Resources */ = {isa = PBXBuildFile; fileRef = 67D36B212B88E8A700AE813C /* foorball_api_topassists_2023_39.json */; };
		67D36B262B88E8A700AE813C /* foorball_api_topassists_2024_98.json in Resources */ = {isa = PBXBuildFile; fileRef = 67D36B222B88E8A700AE813C /* foorball_api_topassists_2024_98.json */; };
		67D36B2A2B88E9E600AE813C /* foorball_api_topscorer_2023_140.json in Resources */ = {isa = PBXBuildFile; fileRef = 67D36B292B88E9E600AE813C /* foorball_api_topscorer_2023_140.json */; };
		67D742832B69960B003FA70E /* ComposableArchitecture in Frameworks */ = {isa = PBXBuildFile; productRef = 67D742822B69960B003FA70E /* ComposableArchitecture */; };
/* End PBXBuildFile section */

/* Begin PBXContainerItemProxy section */
		679A8C8A2AC99A35000C090C /* PBXContainerItemProxy */ = {
			isa = PBXContainerItemProxy;
			containerPortal = 679A8C712AC99A32000C090C /* Project object */;
			proxyType = 1;
			remoteGlobalIDString = 679A8C782AC99A33000C090C;
			remoteInfo = FootballDataManager;
		};
		679A8C942AC99A35000C090C /* PBXContainerItemProxy */ = {
			isa = PBXContainerItemProxy;
			containerPortal = 679A8C712AC99A32000C090C /* Project object */;
			proxyType = 1;
			remoteGlobalIDString = 679A8C782AC99A33000C090C;
			remoteInfo = FootballDataManager;
		};
/* End PBXContainerItemProxy section */

/* Begin PBXFileReference section */
		672CB5132AD3EDBD005048D5 /* FixturesView.swift */ = {isa = PBXFileReference; lastKnownFileType = sourcecode.swift; path = FixturesView.swift; sourceTree = "<group>"; };
		672CB5152AD3EDD0005048D5 /* FixturesAPIClient.swift */ = {isa = PBXFileReference; lastKnownFileType = sourcecode.swift; path = FixturesAPIClient.swift; sourceTree = "<group>"; };
		672CB5172AD3EF71005048D5 /* Fixture.swift */ = {isa = PBXFileReference; lastKnownFileType = sourcecode.swift; path = Fixture.swift; sourceTree = "<group>"; };
		672CB51B2AD5D3B6005048D5 /* StandingCellView.swift */ = {isa = PBXFileReference; lastKnownFileType = sourcecode.swift; path = StandingCellView.swift; sourceTree = "<group>"; };
		67936B942B7E6DCD0004E4B9 /* StandingReducer.swift */ = {isa = PBXFileReference; lastKnownFileType = sourcecode.swift; path = StandingReducer.swift; sourceTree = "<group>"; };
		67936B962B8110780004E4B9 /* FixturesReducer.swift */ = {isa = PBXFileReference; lastKnownFileType = sourcecode.swift; path = FixturesReducer.swift; sourceTree = "<group>"; };
		67936B992B814FEF0004E4B9 /* String+Extension.swift */ = {isa = PBXFileReference; lastKnownFileType = sourcecode.swift; path = "String+Extension.swift"; sourceTree = "<group>"; };
		679A8C792AC99A33000C090C /* FootballDataManager.app */ = {isa = PBXFileReference; explicitFileType = wrapper.application; includeInIndex = 0; path = FootballDataManager.app; sourceTree = BUILT_PRODUCTS_DIR; };
		679A8C7C2AC99A33000C090C /* FootballDataManagerApp.swift */ = {isa = PBXFileReference; lastKnownFileType = sourcecode.swift; path = FootballDataManagerApp.swift; sourceTree = "<group>"; };
		679A8C802AC99A35000C090C /* Assets.xcassets */ = {isa = PBXFileReference; lastKnownFileType = folder.assetcatalog; path = Assets.xcassets; sourceTree = "<group>"; };
		679A8C832AC99A35000C090C /* Preview Assets.xcassets */ = {isa = PBXFileReference; lastKnownFileType = folder.assetcatalog; path = "Preview Assets.xcassets"; sourceTree = "<group>"; };
		679A8C892AC99A35000C090C /* FootballDataManagerTests.xctest */ = {isa = PBXFileReference; explicitFileType = wrapper.cfbundle; includeInIndex = 0; path = FootballDataManagerTests.xctest; sourceTree = BUILT_PRODUCTS_DIR; };
		679A8C8D2AC99A35000C090C /* FootballDataManagerTests.swift */ = {isa = PBXFileReference; lastKnownFileType = sourcecode.swift; path = FootballDataManagerTests.swift; sourceTree = "<group>"; };
		679A8C932AC99A35000C090C /* FootballDataManagerUITests.xctest */ = {isa = PBXFileReference; explicitFileType = wrapper.cfbundle; includeInIndex = 0; path = FootballDataManagerUITests.xctest; sourceTree = BUILT_PRODUCTS_DIR; };
		679A8C972AC99A35000C090C /* FootballDataManagerUITests.swift */ = {isa = PBXFileReference; lastKnownFileType = sourcecode.swift; path = FootballDataManagerUITests.swift; sourceTree = "<group>"; };
		679A8C992AC99A35000C090C /* FootballDataManagerUITestsLaunchTests.swift */ = {isa = PBXFileReference; lastKnownFileType = sourcecode.swift; path = FootballDataManagerUITestsLaunchTests.swift; sourceTree = "<group>"; };
		679A8CA72AC99F14000C090C /* HomeView.swift */ = {isa = PBXFileReference; lastKnownFileType = sourcecode.swift; path = HomeView.swift; sourceTree = "<group>"; };
		679A8CAA2AC9A470000C090C /* League.swift */ = {isa = PBXFileReference; lastKnownFileType = sourcecode.swift; path = League.swift; sourceTree = "<group>"; };
		679A8CAD2AC9A97A000C090C /* StandingsItem.swift */ = {isa = PBXFileReference; lastKnownFileType = sourcecode.swift; path = StandingsItem.swift; sourceTree = "<group>"; };
		679A8CAF2AC9B917000C090C /* Team.swift */ = {isa = PBXFileReference; lastKnownFileType = sourcecode.swift; path = Team.swift; sourceTree = "<group>"; };
		679A8CB32AC9BEA9000C090C /* StandingAPIClient.swift */ = {isa = PBXFileReference; lastKnownFileType = sourcecode.swift; path = StandingAPIClient.swift; sourceTree = "<group>"; };
		679A8CB52AC9BEDC000C090C /* APIError.swift */ = {isa = PBXFileReference; lastKnownFileType = sourcecode.swift; path = APIError.swift; sourceTree = "<group>"; };
		679A8CB92AC9D832000C090C /* StandingView.swift */ = {isa = PBXFileReference; lastKnownFileType = sourcecode.swift; path = StandingView.swift; sourceTree = "<group>"; };
		679A8CBC2ACB3C40000C090C /* Color.xcassets */ = {isa = PBXFileReference; lastKnownFileType = folder.assetcatalog; path = Color.xcassets; sourceTree = "<group>"; };
		679A8CBF2ACB3C63000C090C /* SSportsD-Medium.ttf */ = {isa = PBXFileReference; lastKnownFileType = file; path = "SSportsD-Medium.ttf"; sourceTree = "<group>"; };
		679A8CC12ACB3C9E000C090C /* Info.plist */ = {isa = PBXFileReference; lastKnownFileType = text.plist; path = Info.plist; sourceTree = "<group>"; };
		679A8CC22ACF4ED8000C090C /* SelectLeagueView.swift */ = {isa = PBXFileReference; lastKnownFileType = sourcecode.swift; path = SelectLeagueView.swift; sourceTree = "<group>"; };
		679A8CC82AD3C3E0000C090C /* football_api_standings_2023_39.json */ = {isa = PBXFileReference; fileEncoding = 4; lastKnownFileType = text.json; path = football_api_standings_2023_39.json; sourceTree = "<group>"; };
		679A8CCC2AD3C7C2000C090C /* foorball_api_fixtures_2023_39.json */ = {isa = PBXFileReference; fileEncoding = 4; lastKnownFileType = text.json; path = foorball_api_fixtures_2023_39.json; sourceTree = "<group>"; };
		67BD95502B815C2E002EBD0B /* LeagueType.swift */ = {isa = PBXFileReference; lastKnownFileType = sourcecode.swift; path = LeagueType.swift; sourceTree = "<group>"; };
		67BD95562B8217E9002EBD0B /* foorball_api_fixtures_2023_135.json */ = {isa = PBXFileReference; fileEncoding = 4; lastKnownFileType = text.json; path = foorball_api_fixtures_2023_135.json; sourceTree = "<group>"; };
		67BD95582B8217EE002EBD0B /* football_api_standings_2023_135.json */ = {isa = PBXFileReference; fileEncoding = 4; lastKnownFileType = text.json; path = football_api_standings_2023_135.json; sourceTree = "<group>"; };
		67BD955A2B8217F5002EBD0B /* foorball_api_fixtures_2023_140.json */ = {isa = PBXFileReference; fileEncoding = 4; lastKnownFileType = text.json; path = foorball_api_fixtures_2023_140.json; sourceTree = "<group>"; };
		67BD955C2B8217FB002EBD0B /* football_api_standings_2023_140.json */ = {isa = PBXFileReference; fileEncoding = 4; lastKnownFileType = text.json; path = football_api_standings_2023_140.json; sourceTree = "<group>"; };
		67BD955E2B822C1E002EBD0B /* HomeReducer.swift */ = {isa = PBXFileReference; lastKnownFileType = sourcecode.swift; path = HomeReducer.swift; sourceTree = "<group>"; };
		67BD95602B8236EF002EBD0B /* SelectLeagueReducer.swift */ = {isa = PBXFileReference; lastKnownFileType = sourcecode.swift; path = SelectLeagueReducer.swift; sourceTree = "<group>"; };
		67D36B032B84DEE600AE813C /* football_api_standings_2024_98.json */ = {isa = PBXFileReference; fileEncoding = 4; lastKnownFileType = text.json; path = football_api_standings_2024_98.json; sourceTree = "<group>"; };
		67D36B042B84DEE600AE813C /* foorball_api_fixtures_2024_98.json */ = {isa = PBXFileReference; fileEncoding = 4; lastKnownFileType = text.json; path = foorball_api_fixtures_2024_98.json; sourceTree = "<group>"; };
		67D36B082B8628CD00AE813C /* PlayerStatsView.swift */ = {isa = PBXFileReference; lastKnownFileType = sourcecode.swift; path = PlayerStatsView.swift; sourceTree = "<group>"; };
		67D36B0A2B862E8000AE813C /* StatsAPIClient.swift */ = {isa = PBXFileReference; lastKnownFileType = sourcecode.swift; path = StatsAPIClient.swift; sourceTree = "<group>"; };
		67D36B0C2B862EB100AE813C /* Player.swift */ = {isa = PBXFileReference; lastKnownFileType = sourcecode.swift; path = Player.swift; sourceTree = "<group>"; };
		67D36B0E2B88BAF600AE813C /* foorball_api_topscorer_2023_39.json */ = {isa = PBXFileReference; fileEncoding = 4; lastKnownFileType = text.json; path = foorball_api_topscorer_2023_39.json; sourceTree = "<group>"; };
		67D36B102B88BB1F00AE813C /* foorball_api_topscorer_2024_98.json */ = {isa = PBXFileReference; fileEncoding = 4; lastKnownFileType = text.json; path = foorball_api_topscorer_2024_98.json; sourceTree = "<group>"; };
		67D36B142B88BB2F00AE813C /* foorball_api_topscorer_2023_135.json */ = {isa = PBXFileReference; fileEncoding = 4; lastKnownFileType = text.json; path = foorball_api_topscorer_2023_135.json; sourceTree = "<group>"; };
		67D36B162B88C28A00AE813C /* PlayerStatsReducer.swift */ = {isa = PBXFileReference; lastKnownFileType = sourcecode.swift; path = PlayerStatsReducer.swift; sourceTree = "<group>"; };
		67D36B182B88CC4F00AE813C /* PlayerStatsListCell.swift */ = {isa = PBXFileReference; lastKnownFileType = sourcecode.swift; path = PlayerStatsListCell.swift; sourceTree = "<group>"; };
		67D36B1B2B88D56100AE813C /* StatsContainerView.swift */ = {isa = PBXFileReference; lastKnownFileType = sourcecode.swift; path = StatsContainerView.swift; sourceTree = "<group>"; };
		67D36B1D2B88DE8D00AE813C /* StatsContainerReducer.swift */ = {isa = PBXFileReference; lastKnownFileType = sourcecode.swift; path = StatsContainerReducer.swift; sourceTree = "<group>"; };
		67D36B1F2B88E8A700AE813C /* foorball_api_topassists_2023_140.json */ = {isa = PBXFileReference; fileEncoding = 4; lastKnownFileType = text.json; path = foorball_api_topassists_2023_140.json; sourceTree = "<group>"; };
		67D36B202B88E8A700AE813C /* foorball_api_topassists_2023_135.json */ = {isa = PBXFileReference; fileEncoding = 4; lastKnownFileType = text.json; path = foorball_api_topassists_2023_135.json; sourceTree = "<group>"; };
		67D36B212B88E8A700AE813C /* foorball_api_topassists_2023_39.json */ = {isa = PBXFileReference; fileEncoding = 4; lastKnownFileType = text.json; path = foorball_api_topassists_2023_39.json; sourceTree = "<group>"; };
		67D36B222B88E8A700AE813C /* foorball_api_topassists_2024_98.json */ = {isa = PBXFileReference; fileEncoding = 4; lastKnownFileType = text.json; path = foorball_api_topassists_2024_98.json; sourceTree = "<group>"; };
		67D36B292B88E9E600AE813C /* foorball_api_topscorer_2023_140.json */ = {isa = PBXFileReference; fileEncoding = 4; lastKnownFileType = text.json; path = foorball_api_topscorer_2023_140.json; sourceTree = "<group>"; };
/* End PBXFileReference section */

/* Begin PBXFrameworksBuildPhase section */
		679A8C762AC99A33000C090C /* Frameworks */ = {
			isa = PBXFrameworksBuildPhase;
			buildActionMask = 2147483647;
			files = (
				67CCCAF72B83E83100A03301 /* Kingfisher in Frameworks */,
				67D742832B69960B003FA70E /* ComposableArchitecture in Frameworks */,
			);
			runOnlyForDeploymentPostprocessing = 0;
		};
		679A8C862AC99A35000C090C /* Frameworks */ = {
			isa = PBXFrameworksBuildPhase;
			buildActionMask = 2147483647;
			files = (
			);
			runOnlyForDeploymentPostprocessing = 0;
		};
		679A8C902AC99A35000C090C /* Frameworks */ = {
			isa = PBXFrameworksBuildPhase;
			buildActionMask = 2147483647;
			files = (
			);
			runOnlyForDeploymentPostprocessing = 0;
		};
/* End PBXFrameworksBuildPhase section */

/* Begin PBXGroup section */
		672CB5122AD3EDB0005048D5 /* Fixtures */ = {
			isa = PBXGroup;
			children = (
				672CB5132AD3EDBD005048D5 /* FixturesView.swift */,
			);
			path = Fixtures;
			sourceTree = "<group>";
		};
		67936B932B7D2A0F0004E4B9 /* Reducer */ = {
			isa = PBXGroup;
			children = (
				67BD955E2B822C1E002EBD0B /* HomeReducer.swift */,
				67BD95602B8236EF002EBD0B /* SelectLeagueReducer.swift */,
				67936B942B7E6DCD0004E4B9 /* StandingReducer.swift */,
				67936B962B8110780004E4B9 /* FixturesReducer.swift */,
				67D36B1D2B88DE8D00AE813C /* StatsContainerReducer.swift */,
				67D36B162B88C28A00AE813C /* PlayerStatsReducer.swift */,
			);
			path = Reducer;
			sourceTree = "<group>";
		};
		67936B982B814FE10004E4B9 /* Extensions */ = {
			isa = PBXGroup;
			children = (
				67936B992B814FEF0004E4B9 /* String+Extension.swift */,
			);
			path = Extensions;
			sourceTree = "<group>";
		};
		679A8C702AC99A32000C090C = {
			isa = PBXGroup;
			children = (
				679A8C7B2AC99A33000C090C /* FootballDataManager */,
				679A8C8C2AC99A35000C090C /* FootballDataManagerTests */,
				679A8C962AC99A35000C090C /* FootballDataManagerUITests */,
				679A8C7A2AC99A33000C090C /* Products */,
			);
			sourceTree = "<group>";
		};
		679A8C7A2AC99A33000C090C /* Products */ = {
			isa = PBXGroup;
			children = (
				679A8C792AC99A33000C090C /* FootballDataManager.app */,
				679A8C892AC99A35000C090C /* FootballDataManagerTests.xctest */,
				679A8C932AC99A35000C090C /* FootballDataManagerUITests.xctest */,
			);
			name = Products;
			sourceTree = "<group>";
		};
		679A8C7B2AC99A33000C090C /* FootballDataManager */ = {
			isa = PBXGroup;
			children = (
				679A8C7C2AC99A33000C090C /* FootballDataManagerApp.swift */,
				679A8CC12ACB3C9E000C090C /* Info.plist */,
				679A8C822AC99A35000C090C /* Preview Content */,
				67936B982B814FE10004E4B9 /* Extensions */,
				679A8CBB2ACB3C28000C090C /* Resource */,
				679A8CA92AC99F51000C090C /* Entity */,
				679A8CB22AC9BE96000C090C /* API */,
				67936B932B7D2A0F0004E4B9 /* Reducer */,
				679A8CC72AD3C358000C090C /* Views */,
			);
			path = FootballDataManager;
			sourceTree = "<group>";
		};
		679A8C822AC99A35000C090C /* Preview Content */ = {
			isa = PBXGroup;
			children = (
				679A8C832AC99A35000C090C /* Preview Assets.xcassets */,
			);
			path = "Preview Content";
			sourceTree = "<group>";
		};
		679A8C8C2AC99A35000C090C /* FootballDataManagerTests */ = {
			isa = PBXGroup;
			children = (
				679A8C8D2AC99A35000C090C /* FootballDataManagerTests.swift */,
			);
			path = FootballDataManagerTests;
			sourceTree = "<group>";
		};
		679A8C962AC99A35000C090C /* FootballDataManagerUITests */ = {
			isa = PBXGroup;
			children = (
				679A8C972AC99A35000C090C /* FootballDataManagerUITests.swift */,
				679A8C992AC99A35000C090C /* FootballDataManagerUITestsLaunchTests.swift */,
			);
			path = FootballDataManagerUITests;
			sourceTree = "<group>";
		};
		679A8CA62AC99F08000C090C /* Home */ = {
			isa = PBXGroup;
			children = (
				679A8CA72AC99F14000C090C /* HomeView.swift */,
				679A8CC22ACF4ED8000C090C /* SelectLeagueView.swift */,
			);
			path = Home;
			sourceTree = "<group>";
		};
		679A8CA92AC99F51000C090C /* Entity */ = {
			isa = PBXGroup;
			children = (
				67BD95502B815C2E002EBD0B /* LeagueType.swift */,
				679A8CAA2AC9A470000C090C /* League.swift */,
				679A8CAD2AC9A97A000C090C /* StandingsItem.swift */,
				679A8CAF2AC9B917000C090C /* Team.swift */,
				672CB5172AD3EF71005048D5 /* Fixture.swift */,
				67D36B0C2B862EB100AE813C /* Player.swift */,
			);
			path = Entity;
			sourceTree = "<group>";
		};
		679A8CAC2AC9A912000C090C /* Standing */ = {
			isa = PBXGroup;
			children = (
				679A8CB92AC9D832000C090C /* StandingView.swift */,
				672CB51B2AD5D3B6005048D5 /* StandingCellView.swift */,
			);
			path = Standing;
			sourceTree = "<group>";
		};
		679A8CB22AC9BE96000C090C /* API */ = {
			isa = PBXGroup;
			children = (
				679A8CB32AC9BEA9000C090C /* StandingAPIClient.swift */,
				672CB5152AD3EDD0005048D5 /* FixturesAPIClient.swift */,
				67D36B0A2B862E8000AE813C /* StatsAPIClient.swift */,
				679A8CB52AC9BEDC000C090C /* APIError.swift */,
			);
			path = API;
			sourceTree = "<group>";
		};
		679A8CBB2ACB3C28000C090C /* Resource */ = {
			isa = PBXGroup;
			children = (
				679A8CC42AD3C12D000C090C /* JSON */,
				679A8CBE2ACB3C55000C090C /* Font */,
				679A8C802AC99A35000C090C /* Assets.xcassets */,
				679A8CBC2ACB3C40000C090C /* Color.xcassets */,
			);
			path = Resource;
			sourceTree = "<group>";
		};
		679A8CBE2ACB3C55000C090C /* Font */ = {
			isa = PBXGroup;
			children = (
				679A8CBF2ACB3C63000C090C /* SSportsD-Medium.ttf */,
			);
			path = Font;
			sourceTree = "<group>";
		};
		679A8CC42AD3C12D000C090C /* JSON */ = {
			isa = PBXGroup;
			children = (
				67D36B022B84DDF100AE813C /* Japan */,
				67BD95552B81D46B002EBD0B /* Spain */,
				67BD95542B81D45E002EBD0B /* Italy */,
				67BD95532B81D445002EBD0B /* England */,
			);
			path = JSON;
			sourceTree = "<group>";
		};
		679A8CC72AD3C358000C090C /* Views */ = {
			isa = PBXGroup;
			children = (
				679A8CA62AC99F08000C090C /* Home */,
				679A8CAC2AC9A912000C090C /* Standing */,
				672CB5122AD3EDB0005048D5 /* Fixtures */,
				67D36B072B8628BF00AE813C /* Stats */,
			);
			path = Views;
			sourceTree = "<group>";
		};
		67BD95532B81D445002EBD0B /* England */ = {
			isa = PBXGroup;
			children = (
				679A8CC82AD3C3E0000C090C /* football_api_standings_2023_39.json */,
				679A8CCC2AD3C7C2000C090C /* foorball_api_fixtures_2023_39.json */,
				67D36B0E2B88BAF600AE813C /* foorball_api_topscorer_2023_39.json */,
				67D36B212B88E8A700AE813C /* foorball_api_topassists_2023_39.json */,
			);
			path = England;
			sourceTree = "<group>";
		};
		67BD95542B81D45E002EBD0B /* Italy */ = {
			isa = PBXGroup;
			children = (
				67BD95562B8217E9002EBD0B /* foorball_api_fixtures_2023_135.json */,
				67BD95582B8217EE002EBD0B /* football_api_standings_2023_135.json */,
				67D36B142B88BB2F00AE813C /* foorball_api_topscorer_2023_135.json */,
				67D36B202B88E8A700AE813C /* foorball_api_topassists_2023_135.json */,
			);
			path = Italy;
			sourceTree = "<group>";
		};
		67BD95552B81D46B002EBD0B /* Spain */ = {
			isa = PBXGroup;
			children = (
				67BD955A2B8217F5002EBD0B /* foorball_api_fixtures_2023_140.json */,
				67BD955C2B8217FB002EBD0B /* football_api_standings_2023_140.json */,
				67D36B292B88E9E600AE813C /* foorball_api_topscorer_2023_140.json */,
				67D36B1F2B88E8A700AE813C /* foorball_api_topassists_2023_140.json */,
			);
			path = Spain;
			sourceTree = "<group>";
		};
		67D36B022B84DDF100AE813C /* Japan */ = {
			isa = PBXGroup;
			children = (
				67D36B032B84DEE600AE813C /* football_api_standings_2024_98.json */,
				67D36B042B84DEE600AE813C /* foorball_api_fixtures_2024_98.json */,
				67D36B102B88BB1F00AE813C /* foorball_api_topscorer_2024_98.json */,
				67D36B222B88E8A700AE813C /* foorball_api_topassists_2024_98.json */,
			);
			path = Japan;
			sourceTree = "<group>";
		};
		67D36B072B8628BF00AE813C /* Stats */ = {
			isa = PBXGroup;
			children = (
				67D36B1B2B88D56100AE813C /* StatsContainerView.swift */,
				67D36B1A2B88D4E700AE813C /* PlayerStatsVIew */,
			);
			path = Stats;
			sourceTree = "<group>";
		};
		67D36B1A2B88D4E700AE813C /* PlayerStatsVIew */ = {
			isa = PBXGroup;
			children = (
				67D36B082B8628CD00AE813C /* PlayerStatsView.swift */,
				67D36B182B88CC4F00AE813C /* PlayerStatsListCell.swift */,
			);
			path = PlayerStatsVIew;
			sourceTree = "<group>";
		};
/* End PBXGroup section */

/* Begin PBXNativeTarget section */
		679A8C782AC99A33000C090C /* FootballDataManager */ = {
			isa = PBXNativeTarget;
			buildConfigurationList = 679A8C9D2AC99A35000C090C /* Build configuration list for PBXNativeTarget "FootballDataManager" */;
			buildPhases = (
				679A8C752AC99A33000C090C /* Sources */,
				679A8C762AC99A33000C090C /* Frameworks */,
				679A8C772AC99A33000C090C /* Resources */,
			);
			buildRules = (
			);
			dependencies = (
			);
			name = FootballDataManager;
			packageProductDependencies = (
				67D742822B69960B003FA70E /* ComposableArchitecture */,
				67CCCAF62B83E83100A03301 /* Kingfisher */,
			);
			productName = FootballDataManager;
			productReference = 679A8C792AC99A33000C090C /* FootballDataManager.app */;
			productType = "com.apple.product-type.application";
		};
		679A8C882AC99A35000C090C /* FootballDataManagerTests */ = {
			isa = PBXNativeTarget;
			buildConfigurationList = 679A8CA02AC99A35000C090C /* Build configuration list for PBXNativeTarget "FootballDataManagerTests" */;
			buildPhases = (
				679A8C852AC99A35000C090C /* Sources */,
				679A8C862AC99A35000C090C /* Frameworks */,
				679A8C872AC99A35000C090C /* Resources */,
			);
			buildRules = (
			);
			dependencies = (
				679A8C8B2AC99A35000C090C /* PBXTargetDependency */,
			);
			name = FootballDataManagerTests;
			productName = FootballDataManagerTests;
			productReference = 679A8C892AC99A35000C090C /* FootballDataManagerTests.xctest */;
			productType = "com.apple.product-type.bundle.unit-test";
		};
		679A8C922AC99A35000C090C /* FootballDataManagerUITests */ = {
			isa = PBXNativeTarget;
			buildConfigurationList = 679A8CA32AC99A35000C090C /* Build configuration list for PBXNativeTarget "FootballDataManagerUITests" */;
			buildPhases = (
				679A8C8F2AC99A35000C090C /* Sources */,
				679A8C902AC99A35000C090C /* Frameworks */,
				679A8C912AC99A35000C090C /* Resources */,
			);
			buildRules = (
			);
			dependencies = (
				679A8C952AC99A35000C090C /* PBXTargetDependency */,
			);
			name = FootballDataManagerUITests;
			productName = FootballDataManagerUITests;
			productReference = 679A8C932AC99A35000C090C /* FootballDataManagerUITests.xctest */;
			productType = "com.apple.product-type.bundle.ui-testing";
		};
/* End PBXNativeTarget section */

/* Begin PBXProject section */
		679A8C712AC99A32000C090C /* Project object */ = {
			isa = PBXProject;
			attributes = {
				BuildIndependentTargetsInParallel = 1;
				LastSwiftUpdateCheck = 1430;
				LastUpgradeCheck = 1500;
				TargetAttributes = {
					679A8C782AC99A33000C090C = {
						CreatedOnToolsVersion = 14.3.1;
					};
					679A8C882AC99A35000C090C = {
						CreatedOnToolsVersion = 14.3.1;
						TestTargetID = 679A8C782AC99A33000C090C;
					};
					679A8C922AC99A35000C090C = {
						CreatedOnToolsVersion = 14.3.1;
						TestTargetID = 679A8C782AC99A33000C090C;
					};
				};
			};
			buildConfigurationList = 679A8C742AC99A32000C090C /* Build configuration list for PBXProject "FootballDataManager" */;
			compatibilityVersion = "Xcode 14.0";
			developmentRegion = en;
			hasScannedForEncodings = 0;
			knownRegions = (
				en,
				Base,
			);
			mainGroup = 679A8C702AC99A32000C090C;
			packageReferences = (
				67D742812B69960B003FA70E /* XCRemoteSwiftPackageReference "swift-composable-architecture" */,
				67CCCAF52B83E83100A03301 /* XCRemoteSwiftPackageReference "Kingfisher" */,
			);
			productRefGroup = 679A8C7A2AC99A33000C090C /* Products */;
			projectDirPath = "";
			projectRoot = "";
			targets = (
				679A8C782AC99A33000C090C /* FootballDataManager */,
				679A8C882AC99A35000C090C /* FootballDataManagerTests */,
				679A8C922AC99A35000C090C /* FootballDataManagerUITests */,
			);
		};
/* End PBXProject section */

/* Begin PBXResourcesBuildPhase section */
		679A8C772AC99A33000C090C /* Resources */ = {
			isa = PBXResourcesBuildPhase;
			buildActionMask = 2147483647;
			files = (
				67BD95592B8217EE002EBD0B /* football_api_standings_2023_135.json in Resources */,
				67D36B112B88BB1F00AE813C /* foorball_api_topscorer_2024_98.json in Resources */,
				679A8C842AC99A35000C090C /* Preview Assets.xcassets in Resources */,
				67D36B252B88E8A700AE813C /* foorball_api_topassists_2023_39.json in Resources */,
				679A8C812AC99A35000C090C /* Assets.xcassets in Resources */,
				67D36B152B88BB2F00AE813C /* foorball_api_topscorer_2023_135.json in Resources */,
				679A8CCD2AD3C7C2000C090C /* foorball_api_fixtures_2023_39.json in Resources */,
				67D36B062B84DEE600AE813C /* foorball_api_fixtures_2024_98.json in Resources */,
				67D36B2A2B88E9E600AE813C /* foorball_api_topscorer_2023_140.json in Resources */,
				67D36B232B88E8A700AE813C /* foorball_api_topassists_2023_140.json in Resources */,
				67D36B262B88E8A700AE813C /* foorball_api_topassists_2024_98.json in Resources */,
				67BD95572B8217E9002EBD0B /* foorball_api_fixtures_2023_135.json in Resources */,
				67BD955B2B8217F5002EBD0B /* foorball_api_fixtures_2023_140.json in Resources */,
				679A8CBD2ACB3C40000C090C /* Color.xcassets in Resources */,
				679A8CC02ACB3C63000C090C /* SSportsD-Medium.ttf in Resources */,
				67D36B242B88E8A700AE813C /* foorball_api_topassists_2023_135.json in Resources */,
				67BD955D2B8217FB002EBD0B /* football_api_standings_2023_140.json in Resources */,
				67D36B052B84DEE600AE813C /* football_api_standings_2024_98.json in Resources */,
				679A8CC92AD3C3E0000C090C /* football_api_standings_2023_39.json in Resources */,
				67D36B0F2B88BAF600AE813C /* foorball_api_topscorer_2023_39.json in Resources */,
			);
			runOnlyForDeploymentPostprocessing = 0;
		};
		679A8C872AC99A35000C090C /* Resources */ = {
			isa = PBXResourcesBuildPhase;
			buildActionMask = 2147483647;
			files = (
			);
			runOnlyForDeploymentPostprocessing = 0;
		};
		679A8C912AC99A35000C090C /* Resources */ = {
			isa = PBXResourcesBuildPhase;
			buildActionMask = 2147483647;
			files = (
			);
			runOnlyForDeploymentPostprocessing = 0;
		};
/* End PBXResourcesBuildPhase section */

/* Begin PBXSourcesBuildPhase section */
		679A8C752AC99A33000C090C /* Sources */ = {
			isa = PBXSourcesBuildPhase;
			buildActionMask = 2147483647;
			files = (
				67D36B0D2B862EB100AE813C /* Player.swift in Sources */,
				679A8CB02AC9B917000C090C /* Team.swift in Sources */,
				679A8CBA2AC9D832000C090C /* StandingView.swift in Sources */,
				679A8CA82AC99F14000C090C /* HomeView.swift in Sources */,
				67936B9A2B814FEF0004E4B9 /* String+Extension.swift in Sources */,
				679A8CAE2AC9A97A000C090C /* StandingsItem.swift in Sources */,
				672CB51C2AD5D3B6005048D5 /* StandingCellView.swift in Sources */,
				672CB5162AD3EDD0005048D5 /* FixturesAPIClient.swift in Sources */,
				67D36B172B88C28A00AE813C /* PlayerStatsReducer.swift in Sources */,
				67BD955F2B822C1E002EBD0B /* HomeReducer.swift in Sources */,
				679A8CB42AC9BEA9000C090C /* StandingAPIClient.swift in Sources */,
				67936B972B8110780004E4B9 /* FixturesReducer.swift in Sources */,
				67D36B0B2B862E8000AE813C /* StatsAPIClient.swift in Sources */,
				672CB5142AD3EDBD005048D5 /* FixturesView.swift in Sources */,
				679A8CC32ACF4ED8000C090C /* SelectLeagueView.swift in Sources */,
				679A8CB62AC9BEDC000C090C /* APIError.swift in Sources */,
				67D36B1C2B88D56100AE813C /* StatsContainerView.swift in Sources */,
				672CB5182AD3EF71005048D5 /* Fixture.swift in Sources */,
				67D36B1E2B88DE8D00AE813C /* StatsContainerReducer.swift in Sources */,
				67BD95512B815C2E002EBD0B /* LeagueType.swift in Sources */,
				67936B952B7E6DCD0004E4B9 /* StandingReducer.swift in Sources */,
				67D36B192B88CC4F00AE813C /* PlayerStatsListCell.swift in Sources */,
				67D36B092B8628CD00AE813C /* PlayerStatsView.swift in Sources */,
				679A8CAB2AC9A470000C090C /* League.swift in Sources */,
				67BD95612B8236EF002EBD0B /* SelectLeagueReducer.swift in Sources */,
				679A8C7D2AC99A33000C090C /* FootballDataManagerApp.swift in Sources */,
			);
			runOnlyForDeploymentPostprocessing = 0;
		};
		679A8C852AC99A35000C090C /* Sources */ = {
			isa = PBXSourcesBuildPhase;
			buildActionMask = 2147483647;
			files = (
				679A8C8E2AC99A35000C090C /* FootballDataManagerTests.swift in Sources */,
			);
			runOnlyForDeploymentPostprocessing = 0;
		};
		679A8C8F2AC99A35000C090C /* Sources */ = {
			isa = PBXSourcesBuildPhase;
			buildActionMask = 2147483647;
			files = (
				679A8C982AC99A35000C090C /* FootballDataManagerUITests.swift in Sources */,
				679A8C9A2AC99A35000C090C /* FootballDataManagerUITestsLaunchTests.swift in Sources */,
			);
			runOnlyForDeploymentPostprocessing = 0;
		};
/* End PBXSourcesBuildPhase section */

/* Begin PBXTargetDependency section */
		679A8C8B2AC99A35000C090C /* PBXTargetDependency */ = {
			isa = PBXTargetDependency;
			target = 679A8C782AC99A33000C090C /* FootballDataManager */;
			targetProxy = 679A8C8A2AC99A35000C090C /* PBXContainerItemProxy */;
		};
		679A8C952AC99A35000C090C /* PBXTargetDependency */ = {
			isa = PBXTargetDependency;
			target = 679A8C782AC99A33000C090C /* FootballDataManager */;
			targetProxy = 679A8C942AC99A35000C090C /* PBXContainerItemProxy */;
		};
/* End PBXTargetDependency section */

/* Begin XCBuildConfiguration section */
		679A8C9B2AC99A35000C090C /* Debug */ = {
			isa = XCBuildConfiguration;
			buildSettings = {
				ALWAYS_SEARCH_USER_PATHS = NO;
				CLANG_ANALYZER_NONNULL = YES;
				CLANG_ANALYZER_NUMBER_OBJECT_CONVERSION = YES_AGGRESSIVE;
				CLANG_CXX_LANGUAGE_STANDARD = "gnu++20";
				CLANG_ENABLE_MODULES = YES;
				CLANG_ENABLE_OBJC_ARC = YES;
				CLANG_ENABLE_OBJC_WEAK = YES;
				CLANG_WARN_BLOCK_CAPTURE_AUTORELEASING = YES;
				CLANG_WARN_BOOL_CONVERSION = YES;
				CLANG_WARN_COMMA = YES;
				CLANG_WARN_CONSTANT_CONVERSION = YES;
				CLANG_WARN_DEPRECATED_OBJC_IMPLEMENTATIONS = YES;
				CLANG_WARN_DIRECT_OBJC_ISA_USAGE = YES_ERROR;
				CLANG_WARN_DOCUMENTATION_COMMENTS = YES;
				CLANG_WARN_EMPTY_BODY = YES;
				CLANG_WARN_ENUM_CONVERSION = YES;
				CLANG_WARN_INFINITE_RECURSION = YES;
				CLANG_WARN_INT_CONVERSION = YES;
				CLANG_WARN_NON_LITERAL_NULL_CONVERSION = YES;
				CLANG_WARN_OBJC_IMPLICIT_RETAIN_SELF = YES;
				CLANG_WARN_OBJC_LITERAL_CONVERSION = YES;
				CLANG_WARN_OBJC_ROOT_CLASS = YES_ERROR;
				CLANG_WARN_QUOTED_INCLUDE_IN_FRAMEWORK_HEADER = YES;
				CLANG_WARN_RANGE_LOOP_ANALYSIS = YES;
				CLANG_WARN_STRICT_PROTOTYPES = YES;
				CLANG_WARN_SUSPICIOUS_MOVE = YES;
				CLANG_WARN_UNGUARDED_AVAILABILITY = YES_AGGRESSIVE;
				CLANG_WARN_UNREACHABLE_CODE = YES;
				CLANG_WARN__DUPLICATE_METHOD_MATCH = YES;
				COPY_PHASE_STRIP = NO;
				DEBUG_INFORMATION_FORMAT = dwarf;
				ENABLE_STRICT_OBJC_MSGSEND = YES;
				ENABLE_TESTABILITY = YES;
				ENABLE_USER_SCRIPT_SANDBOXING = YES;
				GCC_C_LANGUAGE_STANDARD = gnu11;
				GCC_DYNAMIC_NO_PIC = NO;
				GCC_NO_COMMON_BLOCKS = YES;
				GCC_OPTIMIZATION_LEVEL = 0;
				GCC_PREPROCESSOR_DEFINITIONS = (
					"DEBUG=1",
					"$(inherited)",
				);
				GCC_WARN_64_TO_32_BIT_CONVERSION = YES;
				GCC_WARN_ABOUT_RETURN_TYPE = YES_ERROR;
				GCC_WARN_UNDECLARED_SELECTOR = YES;
				GCC_WARN_UNINITIALIZED_AUTOS = YES_AGGRESSIVE;
				GCC_WARN_UNUSED_FUNCTION = YES;
				GCC_WARN_UNUSED_VARIABLE = YES;
				IPHONEOS_DEPLOYMENT_TARGET = 17.0;
				MTL_ENABLE_DEBUG_INFO = INCLUDE_SOURCE;
				MTL_FAST_MATH = YES;
				ONLY_ACTIVE_ARCH = YES;
				SDKROOT = iphoneos;
				SWIFT_ACTIVE_COMPILATION_CONDITIONS = DEBUG;
				SWIFT_OPTIMIZATION_LEVEL = "-Onone";
			};
			name = Debug;
		};
		679A8C9C2AC99A35000C090C /* Release */ = {
			isa = XCBuildConfiguration;
			buildSettings = {
				ALWAYS_SEARCH_USER_PATHS = NO;
				CLANG_ANALYZER_NONNULL = YES;
				CLANG_ANALYZER_NUMBER_OBJECT_CONVERSION = YES_AGGRESSIVE;
				CLANG_CXX_LANGUAGE_STANDARD = "gnu++20";
				CLANG_ENABLE_MODULES = YES;
				CLANG_ENABLE_OBJC_ARC = YES;
				CLANG_ENABLE_OBJC_WEAK = YES;
				CLANG_WARN_BLOCK_CAPTURE_AUTORELEASING = YES;
				CLANG_WARN_BOOL_CONVERSION = YES;
				CLANG_WARN_COMMA = YES;
				CLANG_WARN_CONSTANT_CONVERSION = YES;
				CLANG_WARN_DEPRECATED_OBJC_IMPLEMENTATIONS = YES;
				CLANG_WARN_DIRECT_OBJC_ISA_USAGE = YES_ERROR;
				CLANG_WARN_DOCUMENTATION_COMMENTS = YES;
				CLANG_WARN_EMPTY_BODY = YES;
				CLANG_WARN_ENUM_CONVERSION = YES;
				CLANG_WARN_INFINITE_RECURSION = YES;
				CLANG_WARN_INT_CONVERSION = YES;
				CLANG_WARN_NON_LITERAL_NULL_CONVERSION = YES;
				CLANG_WARN_OBJC_IMPLICIT_RETAIN_SELF = YES;
				CLANG_WARN_OBJC_LITERAL_CONVERSION = YES;
				CLANG_WARN_OBJC_ROOT_CLASS = YES_ERROR;
				CLANG_WARN_QUOTED_INCLUDE_IN_FRAMEWORK_HEADER = YES;
				CLANG_WARN_RANGE_LOOP_ANALYSIS = YES;
				CLANG_WARN_STRICT_PROTOTYPES = YES;
				CLANG_WARN_SUSPICIOUS_MOVE = YES;
				CLANG_WARN_UNGUARDED_AVAILABILITY = YES_AGGRESSIVE;
				CLANG_WARN_UNREACHABLE_CODE = YES;
				CLANG_WARN__DUPLICATE_METHOD_MATCH = YES;
				COPY_PHASE_STRIP = NO;
				DEBUG_INFORMATION_FORMAT = "dwarf-with-dsym";
				ENABLE_NS_ASSERTIONS = NO;
				ENABLE_STRICT_OBJC_MSGSEND = YES;
				ENABLE_USER_SCRIPT_SANDBOXING = YES;
				GCC_C_LANGUAGE_STANDARD = gnu11;
				GCC_NO_COMMON_BLOCKS = YES;
				GCC_WARN_64_TO_32_BIT_CONVERSION = YES;
				GCC_WARN_ABOUT_RETURN_TYPE = YES_ERROR;
				GCC_WARN_UNDECLARED_SELECTOR = YES;
				GCC_WARN_UNINITIALIZED_AUTOS = YES_AGGRESSIVE;
				GCC_WARN_UNUSED_FUNCTION = YES;
				GCC_WARN_UNUSED_VARIABLE = YES;
				IPHONEOS_DEPLOYMENT_TARGET = 17.0;
				MTL_ENABLE_DEBUG_INFO = NO;
				MTL_FAST_MATH = YES;
				SDKROOT = iphoneos;
				SWIFT_COMPILATION_MODE = wholemodule;
				SWIFT_OPTIMIZATION_LEVEL = "-O";
				VALIDATE_PRODUCT = YES;
			};
			name = Release;
		};
		679A8C9E2AC99A35000C090C /* Debug */ = {
			isa = XCBuildConfiguration;
			buildSettings = {
				ASSETCATALOG_COMPILER_APPICON_NAME = AppIcon;
				ASSETCATALOG_COMPILER_GLOBAL_ACCENT_COLOR_NAME = AccentColor;
				CODE_SIGN_STYLE = Automatic;
				CURRENT_PROJECT_VERSION = 1;
				DEVELOPMENT_ASSET_PATHS = "\"FootballDataManager/Preview Content\"";
				DEVELOPMENT_TEAM = D2B3JPR4TJ;
				ENABLE_PREVIEWS = YES;
				GENERATE_INFOPLIST_FILE = YES;
				INFOPLIST_FILE = FootballDataManager/Info.plist;
				INFOPLIST_KEY_UIApplicationSceneManifest_Generation = YES;
				INFOPLIST_KEY_UIApplicationSupportsIndirectInputEvents = YES;
				INFOPLIST_KEY_UILaunchScreen_Generation = YES;
				INFOPLIST_KEY_UISupportedInterfaceOrientations_iPad = "UIInterfaceOrientationPortrait UIInterfaceOrientationPortraitUpsideDown UIInterfaceOrientationLandscapeLeft UIInterfaceOrientationLandscapeRight";
				INFOPLIST_KEY_UISupportedInterfaceOrientations_iPhone = "UIInterfaceOrientationPortrait UIInterfaceOrientationLandscapeLeft UIInterfaceOrientationLandscapeRight";
				LD_RUNPATH_SEARCH_PATHS = (
					"$(inherited)",
					"@executable_path/Frameworks",
				);
				MARKETING_VERSION = 1.0;
				PRODUCT_BUNDLE_IDENTIFIER = kei.FootballDataManager;
				PRODUCT_NAME = "$(TARGET_NAME)";
				SWIFT_EMIT_LOC_STRINGS = YES;
				SWIFT_VERSION = 5.0;
				TARGETED_DEVICE_FAMILY = "1,2";
			};
			name = Debug;
		};
		679A8C9F2AC99A35000C090C /* Release */ = {
			isa = XCBuildConfiguration;
			buildSettings = {
				ASSETCATALOG_COMPILER_APPICON_NAME = AppIcon;
				ASSETCATALOG_COMPILER_GLOBAL_ACCENT_COLOR_NAME = AccentColor;
				CODE_SIGN_STYLE = Automatic;
				CURRENT_PROJECT_VERSION = 1;
				DEVELOPMENT_ASSET_PATHS = "\"FootballDataManager/Preview Content\"";
				DEVELOPMENT_TEAM = D2B3JPR4TJ;
				ENABLE_PREVIEWS = YES;
				GENERATE_INFOPLIST_FILE = YES;
				INFOPLIST_FILE = FootballDataManager/Info.plist;
				INFOPLIST_KEY_UIApplicationSceneManifest_Generation = YES;
				INFOPLIST_KEY_UIApplicationSupportsIndirectInputEvents = YES;
				INFOPLIST_KEY_UILaunchScreen_Generation = YES;
				INFOPLIST_KEY_UISupportedInterfaceOrientations_iPad = "UIInterfaceOrientationPortrait UIInterfaceOrientationPortraitUpsideDown UIInterfaceOrientationLandscapeLeft UIInterfaceOrientationLandscapeRight";
				INFOPLIST_KEY_UISupportedInterfaceOrientations_iPhone = "UIInterfaceOrientationPortrait UIInterfaceOrientationLandscapeLeft UIInterfaceOrientationLandscapeRight";
				LD_RUNPATH_SEARCH_PATHS = (
					"$(inherited)",
					"@executable_path/Frameworks",
				);
				MARKETING_VERSION = 1.0;
				PRODUCT_BUNDLE_IDENTIFIER = kei.FootballDataManager;
				PRODUCT_NAME = "$(TARGET_NAME)";
				SWIFT_EMIT_LOC_STRINGS = YES;
				SWIFT_VERSION = 5.0;
				TARGETED_DEVICE_FAMILY = "1,2";
			};
			name = Release;
		};
		679A8CA12AC99A35000C090C /* Debug */ = {
			isa = XCBuildConfiguration;
			buildSettings = {
				ALWAYS_EMBED_SWIFT_STANDARD_LIBRARIES = YES;
				BUNDLE_LOADER = "$(TEST_HOST)";
				CODE_SIGN_STYLE = Automatic;
				CURRENT_PROJECT_VERSION = 1;
				DEVELOPMENT_TEAM = D2B3JPR4TJ;
				GENERATE_INFOPLIST_FILE = YES;
				IPHONEOS_DEPLOYMENT_TARGET = 16.4;
				MARKETING_VERSION = 1.0;
				PRODUCT_BUNDLE_IDENTIFIER = kei.FootballDataManagerTests;
				PRODUCT_NAME = "$(TARGET_NAME)";
				SWIFT_EMIT_LOC_STRINGS = NO;
				SWIFT_VERSION = 5.0;
				TARGETED_DEVICE_FAMILY = "1,2";
				TEST_HOST = "$(BUILT_PRODUCTS_DIR)/FootballDataManager.app/$(BUNDLE_EXECUTABLE_FOLDER_PATH)/FootballDataManager";
			};
			name = Debug;
		};
		679A8CA22AC99A35000C090C /* Release */ = {
			isa = XCBuildConfiguration;
			buildSettings = {
				ALWAYS_EMBED_SWIFT_STANDARD_LIBRARIES = YES;
				BUNDLE_LOADER = "$(TEST_HOST)";
				CODE_SIGN_STYLE = Automatic;
				CURRENT_PROJECT_VERSION = 1;
				DEVELOPMENT_TEAM = D2B3JPR4TJ;
				GENERATE_INFOPLIST_FILE = YES;
				IPHONEOS_DEPLOYMENT_TARGET = 16.4;
				MARKETING_VERSION = 1.0;
				PRODUCT_BUNDLE_IDENTIFIER = kei.FootballDataManagerTests;
				PRODUCT_NAME = "$(TARGET_NAME)";
				SWIFT_EMIT_LOC_STRINGS = NO;
				SWIFT_VERSION = 5.0;
				TARGETED_DEVICE_FAMILY = "1,2";
				TEST_HOST = "$(BUILT_PRODUCTS_DIR)/FootballDataManager.app/$(BUNDLE_EXECUTABLE_FOLDER_PATH)/FootballDataManager";
			};
			name = Release;
		};
		679A8CA42AC99A35000C090C /* Debug */ = {
			isa = XCBuildConfiguration;
			buildSettings = {
				ALWAYS_EMBED_SWIFT_STANDARD_LIBRARIES = YES;
				CODE_SIGN_STYLE = Automatic;
				CURRENT_PROJECT_VERSION = 1;
				DEVELOPMENT_TEAM = D2B3JPR4TJ;
				GENERATE_INFOPLIST_FILE = YES;
				MARKETING_VERSION = 1.0;
				PRODUCT_BUNDLE_IDENTIFIER = kei.FootballDataManagerUITests;
				PRODUCT_NAME = "$(TARGET_NAME)";
				SWIFT_EMIT_LOC_STRINGS = NO;
				SWIFT_VERSION = 5.0;
				TARGETED_DEVICE_FAMILY = "1,2";
				TEST_TARGET_NAME = FootballDataManager;
			};
			name = Debug;
		};
		679A8CA52AC99A35000C090C /* Release */ = {
			isa = XCBuildConfiguration;
			buildSettings = {
				ALWAYS_EMBED_SWIFT_STANDARD_LIBRARIES = YES;
				CODE_SIGN_STYLE = Automatic;
				CURRENT_PROJECT_VERSION = 1;
				DEVELOPMENT_TEAM = D2B3JPR4TJ;
				GENERATE_INFOPLIST_FILE = YES;
				MARKETING_VERSION = 1.0;
				PRODUCT_BUNDLE_IDENTIFIER = kei.FootballDataManagerUITests;
				PRODUCT_NAME = "$(TARGET_NAME)";
				SWIFT_EMIT_LOC_STRINGS = NO;
				SWIFT_VERSION = 5.0;
				TARGETED_DEVICE_FAMILY = "1,2";
				TEST_TARGET_NAME = FootballDataManager;
			};
			name = Release;
		};
/* End XCBuildConfiguration section */

/* Begin XCConfigurationList section */
		679A8C742AC99A32000C090C /* Build configuration list for PBXProject "FootballDataManager" */ = {
			isa = XCConfigurationList;
			buildConfigurations = (
				679A8C9B2AC99A35000C090C /* Debug */,
				679A8C9C2AC99A35000C090C /* Release */,
			);
			defaultConfigurationIsVisible = 0;
			defaultConfigurationName = Release;
		};
		679A8C9D2AC99A35000C090C /* Build configuration list for PBXNativeTarget "FootballDataManager" */ = {
			isa = XCConfigurationList;
			buildConfigurations = (
				679A8C9E2AC99A35000C090C /* Debug */,
				679A8C9F2AC99A35000C090C /* Release */,
			);
			defaultConfigurationIsVisible = 0;
			defaultConfigurationName = Release;
		};
		679A8CA02AC99A35000C090C /* Build configuration list for PBXNativeTarget "FootballDataManagerTests" */ = {
			isa = XCConfigurationList;
			buildConfigurations = (
				679A8CA12AC99A35000C090C /* Debug */,
				679A8CA22AC99A35000C090C /* Release */,
			);
			defaultConfigurationIsVisible = 0;
			defaultConfigurationName = Release;
		};
		679A8CA32AC99A35000C090C /* Build configuration list for PBXNativeTarget "FootballDataManagerUITests" */ = {
			isa = XCConfigurationList;
			buildConfigurations = (
				679A8CA42AC99A35000C090C /* Debug */,
				679A8CA52AC99A35000C090C /* Release */,
			);
			defaultConfigurationIsVisible = 0;
			defaultConfigurationName = Release;
		};
/* End XCConfigurationList section */

/* Begin XCRemoteSwiftPackageReference section */
		67CCCAF52B83E83100A03301 /* XCRemoteSwiftPackageReference "Kingfisher" */ = {
			isa = XCRemoteSwiftPackageReference;
			repositoryURL = "https://github.com/onevcat/Kingfisher";
			requirement = {
				kind = exactVersion;
				version = 7.11.0;
			};
		};
		67D742812B69960B003FA70E /* XCRemoteSwiftPackageReference "swift-composable-architecture" */ = {
			isa = XCRemoteSwiftPackageReference;
			repositoryURL = "https://github.com/pointfreeco/swift-composable-architecture";
			requirement = {
				kind = exactVersion;
				version = 1.8.0;
			};
		};
/* End XCRemoteSwiftPackageReference section */

/* Begin XCSwiftPackageProductDependency section */
		67CCCAF62B83E83100A03301 /* Kingfisher */ = {
			isa = XCSwiftPackageProductDependency;
			package = 67CCCAF52B83E83100A03301 /* XCRemoteSwiftPackageReference "Kingfisher" */;
			productName = Kingfisher;
		};
		67D742822B69960B003FA70E /* ComposableArchitecture */ = {
			isa = XCSwiftPackageProductDependency;
			package = 67D742812B69960B003FA70E /* XCRemoteSwiftPackageReference "swift-composable-architecture" */;
			productName = ComposableArchitecture;
		};
/* End XCSwiftPackageProductDependency section */
	};
	rootObject = 679A8C712AC99A32000C090C /* Project object */;
}
